
Microsoft Visual Studio Solution File, Format Version 12.00
# Visual Studio Version 17
VisualStudioVersion = 17.7.34031.279
MinimumVisualStudioVersion = 10.0.40219.1
Project("{FAE04EC0-301F-11D3-BF4B-00C04F79EFBC}") = "RailTicket", "RailTicket.csproj", "{2642EC36-8F4F-4A01-BFC0-D17A310DFEA5}"
EndProject
Global
	GlobalSection(SolutionConfigurationPlatforms) = preSolution
		Debug|Any CPU = Debug|Any CPU
		Release|Any CPU = Release|Any CPU
	EndGlobalSection
	GlobalSection(ProjectConfigurationPlatforms) = postSolution
		{2642EC36-8F4F-4A01-BFC0-D17A310DFEA5}.Debug|Any CPU.ActiveCfg = Debug|Any CPU
		{2642EC36-8F4F-4A01-BFC0-D17A310DFEA5}.Debug|Any CPU.Build.0 = Debug|Any CPU
		{2642EC36-8F4F-4A01-BFC0-D17A310DFEA5}.Release|Any CPU.ActiveCfg = Release|Any CPU
		{2642EC36-8F4F-4A01-BFC0-D17A310DFEA5}.Release|Any CPU.Build.0 = Release|Any CPU
	EndGlobalSection
	GlobalSection(SolutionProperties) = preSolution
		HideSolutionNode = FALSE
	EndGlobalSection
	GlobalSection(ExtensibilityGlobals) = postSolution
		SolutionGuid = {2E29EF1A-B19D-463B-9F55-D649C8969A3D}
	EndGlobalSection
EndGlobal
